<?xml version="1.0" encoding="utf-8"?>
<Project ToolsVersion="4.0" xmlns="http://schemas.microsoft.com/developer/msbuild/2003">
  <ItemGroup>
    <ClCompile Include="main.cpp" />
    <ClCompile Include="stdafx.cpp" />
  </ItemGroup>
  <ItemGroup>
    <ClInclude Include="stdafx.h" />
    <ClInclude Include="targetver.h" />
    <ClInclude Include="242_Valid_Anagram.h">
      <Filter>Alogrithm</Filter>
    </ClInclude>
    <ClInclude Include="Alogrithm.h" />
    <ClInclude Include="349_Intersection_of_Two_Arrays.h">
      <Filter>Alogrithm</Filter>
    </ClInclude>
    <ClInclude Include="350_Intersection_of_Two_Arrays_II.h">
      <Filter>Alogrithm</Filter>
    </ClInclude>
    <ClInclude Include="274_h-index.h">
      <Filter>Alogrithm</Filter>
    </ClInclude>
  </ItemGroup>
  <ItemGroup>
    <Filter Include="Alogrithm">
      <UniqueIdentifier>{fe54e574-4e6c-48aa-8758-4724e6f5a990}</UniqueIdentifier>
    </Filter>
  </ItemGroup>
</Project>